
Microsoft Visual Studio Solution File, Format Version 12.00
# Visual Studio Version 16
VisualStudioVersion = 16.0.31019.35
MinimumVisualStudioVersion = 10.0.40219.1
Project("{9A19103F-16F7-4668-BE54-9A1E7A4F7556}") = "Aula_dio", "Aula_dio.csproj", "{C872C428-F4E7-4FA3-87F6-4C228E57A89E}"
EndProject
Project("{9A19103F-16F7-4668-BE54-9A1E7A4F7556}") = "Biblioteca_backend", "..\..\..\..\..\..\projetos\Testes\Drcash\Biblioteca_backend\Biblioteca_backend.csproj", "{20E4CFDD-BD09-4957-AC18-0CF119D20910}"
EndProject
Project("{FAE04EC0-301F-11D3-BF4B-00C04F79EFBC}") = "Diotest", "..\Diotest\Diotest.csproj", "{DDB190F8-4A5E-4DEF-A5CE-505F08DA41C0}"
EndProject
Global
	GlobalSection(SolutionConfigurationPlatforms) = preSolution
		Debug|Any CPU = Debug|Any CPU
		Release|Any CPU = Release|Any CPU
	EndGlobalSection
	GlobalSection(ProjectConfigurationPlatforms) = postSolution
		{C872C428-F4E7-4FA3-87F6-4C228E57A89E}.Debug|Any CPU.ActiveCfg = Debug|Any CPU
		{C872C428-F4E7-4FA3-87F6-4C228E57A89E}.Debug|Any CPU.Build.0 = Debug|Any CPU
		{C872C428-F4E7-4FA3-87F6-4C228E57A89E}.Release|Any CPU.ActiveCfg = Release|Any CPU
		{C872C428-F4E7-4FA3-87F6-4C228E57A89E}.Release|Any CPU.Build.0 = Release|Any CPU
		{20E4CFDD-BD09-4957-AC18-0CF119D20910}.Debug|Any CPU.ActiveCfg = Debug|Any CPU
		{20E4CFDD-BD09-4957-AC18-0CF119D20910}.Debug|Any CPU.Build.0 = Debug|Any CPU
		{20E4CFDD-BD09-4957-AC18-0CF119D20910}.Release|Any CPU.ActiveCfg = Release|Any CPU
		{20E4CFDD-BD09-4957-AC18-0CF119D20910}.Release|Any CPU.Build.0 = Release|Any CPU
		{DDB190F8-4A5E-4DEF-A5CE-505F08DA41C0}.Debug|Any CPU.ActiveCfg = Debug|Any CPU
		{DDB190F8-4A5E-4DEF-A5CE-505F08DA41C0}.Debug|Any CPU.Build.0 = Debug|Any CPU
		{DDB190F8-4A5E-4DEF-A5CE-505F08DA41C0}.Release|Any CPU.ActiveCfg = Release|Any CPU
		{DDB190F8-4A5E-4DEF-A5CE-505F08DA41C0}.Release|Any CPU.Build.0 = Release|Any CPU
	EndGlobalSection
	GlobalSection(SolutionProperties) = preSolution
		HideSolutionNode = FALSE
	EndGlobalSection
	GlobalSection(ExtensibilityGlobals) = postSolution
		SolutionGuid = {56602C06-4EDF-4151-A758-A342E159189C}
	EndGlobalSection
EndGlobal
